
Microsoft Visual Studio Solution File, Format Version 12.00
# Visual Studio 15
Project("{FAE04EC0-301F-11D3-BF4B-00C04F79EFBC}") = "Assembly-CSharp", "Assembly-CSharp.csproj", "{E4F964CC-2E66-E15C-32C6-BDFDF13F41D0}"
EndProject
Project("{FAE04EC0-301F-11D3-BF4B-00C04F79EFBC}") = "Assembly-CSharp-Editor", "Assembly-CSharp-Editor.csproj", "{69AD9E22-79F9-E252-F49C-E7C2995403AE}"
EndProject
Global
	GlobalSection(SolutionConfigurationPlatforms) = preSolution
		Debug|Any CPU = Debug|Any CPU
		Release|Any CPU = Release|Any CPU
	EndGlobalSection
	GlobalSection(ProjectConfigurationPlatforms) = postSolution
		{E4F964CC-2E66-E15C-32C6-BDFDF13F41D0}.Debug|Any CPU.ActiveCfg = Debug|Any CPU
		{E4F964CC-2E66-E15C-32C6-BDFDF13F41D0}.Debug|Any CPU.Build.0 = Debug|Any CPU
		{E4F964CC-2E66-E15C-32C6-BDFDF13F41D0}.Release|Any CPU.ActiveCfg = Release|Any CPU
		{E4F964CC-2E66-E15C-32C6-BDFDF13F41D0}.Release|Any CPU.Build.0 = Release|Any CPU
		{69AD9E22-79F9-E252-F49C-E7C2995403AE}.Debug|Any CPU.ActiveCfg = Debug|Any CPU
		{69AD9E22-79F9-E252-F49C-E7C2995403AE}.Debug|Any CPU.Build.0 = Debug|Any CPU
		{69AD9E22-79F9-E252-F49C-E7C2995403AE}.Release|Any CPU.ActiveCfg = Release|Any CPU
		{69AD9E22-79F9-E252-F49C-E7C2995403AE}.Release|Any CPU.Build.0 = Release|Any CPU
	EndGlobalSection
	GlobalSection(SolutionProperties) = preSolution
		HideSolutionNode = FALSE
	EndGlobalSection
EndGlobal
